
Microsoft Visual Studio Solution File, Format Version 12.00
# Visual Studio Version 17
VisualStudioVersion = 17.12.35527.113 d17.12
MinimumVisualStudioVersion = 10.0.40219.1
Project("{FAE04EC0-301F-11D3-BF4B-00C04F79EFBC}") = "TokenValidation.API", "TokenVlidation\TokenValidation.API.csproj", "{EAF2DFD2-9E65-4C60-8F25-28181D1FA2C7}"
EndProject
Project("{FAE04EC0-301F-11D3-BF4B-00C04F79EFBC}") = "TokenValidation.Core", "TokenValidation.Core\TokenValidation.Core.csproj", "{8D87BA1F-DE61-4518-9272-62B9A0D55891}"
EndProject
Project("{FAE04EC0-301F-11D3-BF4B-00C04F79EFBC}") = "TokenVlidation.Data", "TokenVlidation.Data\TokenVlidation.Data.csproj", "{88E53B07-5393-4D79-B5F3-2949D4A7A13A}"
EndProject
Project("{FAE04EC0-301F-11D3-BF4B-00C04F79EFBC}") = "TokenVlidation.Infrastructure", "TokenVlidation.Infrastructure\TokenVlidation.Infrastructure.csproj", "{712F366D-5937-4373-B2CB-857AE71460B6}"
EndProject
Global
	GlobalSection(SolutionConfigurationPlatforms) = preSolution
		Debug|Any CPU = Debug|Any CPU
		Release|Any CPU = Release|Any CPU
	EndGlobalSection
	GlobalSection(ProjectConfigurationPlatforms) = postSolution
		{EAF2DFD2-9E65-4C60-8F25-28181D1FA2C7}.Debug|Any CPU.ActiveCfg = Debug|Any CPU
		{EAF2DFD2-9E65-4C60-8F25-28181D1FA2C7}.Debug|Any CPU.Build.0 = Debug|Any CPU
		{EAF2DFD2-9E65-4C60-8F25-28181D1FA2C7}.Release|Any CPU.ActiveCfg = Release|Any CPU
		{EAF2DFD2-9E65-4C60-8F25-28181D1FA2C7}.Release|Any CPU.Build.0 = Release|Any CPU
		{8D87BA1F-DE61-4518-9272-62B9A0D55891}.Debug|Any CPU.ActiveCfg = Debug|Any CPU
		{8D87BA1F-DE61-4518-9272-62B9A0D55891}.Debug|Any CPU.Build.0 = Debug|Any CPU
		{8D87BA1F-DE61-4518-9272-62B9A0D55891}.Release|Any CPU.ActiveCfg = Release|Any CPU
		{8D87BA1F-DE61-4518-9272-62B9A0D55891}.Release|Any CPU.Build.0 = Release|Any CPU
		{88E53B07-5393-4D79-B5F3-2949D4A7A13A}.Debug|Any CPU.ActiveCfg = Debug|Any CPU
		{88E53B07-5393-4D79-B5F3-2949D4A7A13A}.Debug|Any CPU.Build.0 = Debug|Any CPU
		{88E53B07-5393-4D79-B5F3-2949D4A7A13A}.Release|Any CPU.ActiveCfg = Release|Any CPU
		{88E53B07-5393-4D79-B5F3-2949D4A7A13A}.Release|Any CPU.Build.0 = Release|Any CPU
		{712F366D-5937-4373-B2CB-857AE71460B6}.Debug|Any CPU.ActiveCfg = Debug|Any CPU
		{712F366D-5937-4373-B2CB-857AE71460B6}.Debug|Any CPU.Build.0 = Debug|Any CPU
		{712F366D-5937-4373-B2CB-857AE71460B6}.Release|Any CPU.ActiveCfg = Release|Any CPU
		{712F366D-5937-4373-B2CB-857AE71460B6}.Release|Any CPU.Build.0 = Release|Any CPU
	EndGlobalSection
	GlobalSection(SolutionProperties) = preSolution
		HideSolutionNode = FALSE
	EndGlobalSection
EndGlobal
